// !$*UTF8*$!
{
	archiveVersion = 1;
	classes = {
	};
	objectVersion = 56;
	objects = {

/* Begin PBXBuildFile section */
		AD4DB8C829F926CC00267CCD /* PlayerView.swift in Sources */ = {isa = PBXBuildFile; fileRef = AD4DB8C729F926CC00267CCD /* PlayerView.swift */; };
		AD4DB8CB29F943B600267CCD /* out.avi in Resources */ = {isa = PBXBuildFile; fileRef = AD4DB8CA29F943B600267CCD /* out.avi */; };
		AD4DB8CD29FA228F00267CCD /* out_9.99.avi in Resources */ = {isa = PBXBuildFile; fileRef = AD4DB8CC29FA228F00267CCD /* out_9.99.avi */; };
		AD4DB8D129FBBEB300267CCD /* pattern.avi in Resources */ = {isa = PBXBuildFile; fileRef = AD4DB8D029FBBEB300267CCD /* pattern.avi */; };
		AD4DB8D329FF98A600267CCD /* DiskWriter.swift in Sources */ = {isa = PBXBuildFile; fileRef = AD4DB8D229FF98A600267CCD /* DiskWriter.swift */; };
		AD4DB8D529FF994B00267CCD /* Queue.swift in Sources */ = {isa = PBXBuildFile; fileRef = AD4DB8D429FF994B00267CCD /* Queue.swift */; };
		AD4DB8D929FFEFB200267CCD /* test.avi in Resources */ = {isa = PBXBuildFile; fileRef = AD4DB8D829FFEFB200267CCD /* test.avi */; };
		AD8A389329F7C83E0026D6FC /* AppDelegate.swift in Sources */ = {isa = PBXBuildFile; fileRef = AD8A389229F7C83E0026D6FC /* AppDelegate.swift */; };
		AD8A389529F7C83E0026D6FC /* SceneDelegate.swift in Sources */ = {isa = PBXBuildFile; fileRef = AD8A389429F7C83E0026D6FC /* SceneDelegate.swift */; };
		AD8A389729F7C83E0026D6FC /* ViewController.swift in Sources */ = {isa = PBXBuildFile; fileRef = AD8A389629F7C83E0026D6FC /* ViewController.swift */; };
		AD8A389A29F7C83E0026D6FC /* Main.storyboard in Resources */ = {isa = PBXBuildFile; fileRef = AD8A389829F7C83E0026D6FC /* Main.storyboard */; };
		AD8A389C29F7C8400026D6FC /* Assets.xcassets in Resources */ = {isa = PBXBuildFile; fileRef = AD8A389B29F7C8400026D6FC /* Assets.xcassets */; };
		AD8A389F29F7C8400026D6FC /* LaunchScreen.storyboard in Resources */ = {isa = PBXBuildFile; fileRef = AD8A389D29F7C8400026D6FC /* LaunchScreen.storyboard */; };
		AD8A38AC29F7C8A60026D6FC /* Utils.swift in Sources */ = {isa = PBXBuildFile; fileRef = AD8A38AA29F7C8A60026D6FC /* Utils.swift */; };
		AD8A38B429F7C95B0026D6FC /* Atomics in Frameworks */ = {isa = PBXBuildFile; productRef = AD8A38B329F7C95B0026D6FC /* Atomics */; };
/* End PBXBuildFile section */

/* Begin PBXFileReference section */
		AD4DB8C729F926CC00267CCD /* PlayerView.swift */ = {isa = PBXFileReference; lastKnownFileType = sourcecode.swift; path = PlayerView.swift; sourceTree = "<group>"; };
		AD4DB8CA29F943B600267CCD /* out.avi */ = {isa = PBXFileReference; lastKnownFileType = video.avi; path = out.avi; sourceTree = "<group>"; };
		AD4DB8CC29FA228F00267CCD /* out_9.99.avi */ = {isa = PBXFileReference; lastKnownFileType = video.avi; path = out_9.99.avi; sourceTree = "<group>"; };
		AD4DB8D029FBBEB300267CCD /* pattern.avi */ = {isa = PBXFileReference; lastKnownFileType = video.avi; path = pattern.avi; sourceTree = "<group>"; };
		AD4DB8D229FF98A600267CCD /* DiskWriter.swift */ = {isa = PBXFileReference; fileEncoding = 4; lastKnownFileType = sourcecode.swift; path = DiskWriter.swift; sourceTree = "<group>"; };
		AD4DB8D429FF994B00267CCD /* Queue.swift */ = {isa = PBXFileReference; fileEncoding = 4; lastKnownFileType = sourcecode.swift; name = Queue.swift; path = ../../PatternCapture/PatternCapture/Utils/Queue.swift; sourceTree = "<group>"; };
		AD4DB8D829FFEFB200267CCD /* test.avi */ = {isa = PBXFileReference; lastKnownFileType = video.avi; path = test.avi; sourceTree = "<group>"; };
		AD8A388F29F7C83E0026D6FC /* newCapture.app */ = {isa = PBXFileReference; explicitFileType = wrapper.application; includeInIndex = 0; path = newCapture.app; sourceTree = BUILT_PRODUCTS_DIR; };
		AD8A389229F7C83E0026D6FC /* AppDelegate.swift */ = {isa = PBXFileReference; lastKnownFileType = sourcecode.swift; path = AppDelegate.swift; sourceTree = "<group>"; };
		AD8A389429F7C83E0026D6FC /* SceneDelegate.swift */ = {isa = PBXFileReference; lastKnownFileType = sourcecode.swift; path = SceneDelegate.swift; sourceTree = "<group>"; };
		AD8A389629F7C83E0026D6FC /* ViewController.swift */ = {isa = PBXFileReference; lastKnownFileType = sourcecode.swift; path = ViewController.swift; sourceTree = "<group>"; };
		AD8A389929F7C83E0026D6FC /* Base */ = {isa = PBXFileReference; lastKnownFileType = file.storyboard; name = Base; path = Base.lproj/Main.storyboard; sourceTree = "<group>"; };
		AD8A389B29F7C8400026D6FC /* Assets.xcassets */ = {isa = PBXFileReference; lastKnownFileType = folder.assetcatalog; path = Assets.xcassets; sourceTree = "<group>"; };
		AD8A389E29F7C8400026D6FC /* Base */ = {isa = PBXFileReference; lastKnownFileType = file.storyboard; name = Base; path = Base.lproj/LaunchScreen.storyboard; sourceTree = "<group>"; };
		AD8A38A029F7C8400026D6FC /* Info.plist */ = {isa = PBXFileReference; lastKnownFileType = text.plist.xml; path = Info.plist; sourceTree = "<group>"; };
		AD8A38AA29F7C8A60026D6FC /* Utils.swift */ = {isa = PBXFileReference; fileEncoding = 4; lastKnownFileType = sourcecode.swift; path = Utils.swift; sourceTree = "<group>"; };
/* End PBXFileReference section */

/* Begin PBXFrameworksBuildPhase section */
		AD8A388C29F7C83E0026D6FC /* Frameworks */ = {
			isa = PBXFrameworksBuildPhase;
			buildActionMask = 2147483647;
			files = (
				AD8A38B429F7C95B0026D6FC /* Atomics in Frameworks */,
			);
			runOnlyForDeploymentPostprocessing = 0;
		};
/* End PBXFrameworksBuildPhase section */

/* Begin PBXGroup section */
		AD8A388629F7C83E0026D6FC = {
			isa = PBXGroup;
			children = (
				AD4DB8D029FBBEB300267CCD /* pattern.avi */,
				AD4DB8CC29FA228F00267CCD /* out_9.99.avi */,
				AD4DB8CA29F943B600267CCD /* out.avi */,
				AD4DB8D829FFEFB200267CCD /* test.avi */,
				AD8A389129F7C83E0026D6FC /* newCapture */,
				AD8A389029F7C83E0026D6FC /* Products */,
			);
			sourceTree = "<group>";
		};
		AD8A389029F7C83E0026D6FC /* Products */ = {
			isa = PBXGroup;
			children = (
				AD8A388F29F7C83E0026D6FC /* newCapture.app */,
			);
			name = Products;
			sourceTree = "<group>";
		};
		AD8A389129F7C83E0026D6FC /* newCapture */ = {
			isa = PBXGroup;
			children = (
				AD8A389229F7C83E0026D6FC /* AppDelegate.swift */,
				AD8A389429F7C83E0026D6FC /* SceneDelegate.swift */,
				AD8A389629F7C83E0026D6FC /* ViewController.swift */,
				AD4DB8D229FF98A600267CCD /* DiskWriter.swift */,
				AD4DB8D429FF994B00267CCD /* Queue.swift */,
				AD8A38AA29F7C8A60026D6FC /* Utils.swift */,
				AD8A389829F7C83E0026D6FC /* Main.storyboard */,
				AD8A389B29F7C8400026D6FC /* Assets.xcassets */,
				AD8A389D29F7C8400026D6FC /* LaunchScreen.storyboard */,
				AD8A38A029F7C8400026D6FC /* Info.plist */,
				AD4DB8C729F926CC00267CCD /* PlayerView.swift */,
			);
			path = newCapture;
			sourceTree = "<group>";
		};
/* End PBXGroup section */

/* Begin PBXNativeTarget section */
		AD8A388E29F7C83E0026D6FC /* newCapture */ = {
			isa = PBXNativeTarget;
			buildConfigurationList = AD8A38A329F7C8400026D6FC /* Build configuration list for PBXNativeTarget "newCapture" */;
			buildPhases = (
				AD8A388B29F7C83E0026D6FC /* Sources */,
				AD8A388C29F7C83E0026D6FC /* Frameworks */,
				AD8A388D29F7C83E0026D6FC /* Resources */,
			);
			buildRules = (
			);
			dependencies = (
			);
			name = newCapture;
			packageProductDependencies = (
				AD8A38B329F7C95B0026D6FC /* Atomics */,
			);
			productName = newCapture;
			productReference = AD8A388F29F7C83E0026D6FC /* newCapture.app */;
			productType = "com.apple.product-type.application";
		};
/* End PBXNativeTarget section */

/* Begin PBXProject section */
		AD8A388729F7C83E0026D6FC /* Project object */ = {
			isa = PBXProject;
			attributes = {
				BuildIndependentTargetsInParallel = 1;
				LastSwiftUpdateCheck = 1420;
				LastUpgradeCheck = 1420;
				TargetAttributes = {
					AD8A388E29F7C83E0026D6FC = {
						CreatedOnToolsVersion = 14.2;
					};
				};
			};
			buildConfigurationList = AD8A388A29F7C83E0026D6FC /* Build configuration list for PBXProject "newCapture" */;
			compatibilityVersion = "Xcode 14.0";
			developmentRegion = en;
			hasScannedForEncodings = 0;
			knownRegions = (
				en,
				Base,
			);
			mainGroup = AD8A388629F7C83E0026D6FC;
			packageReferences = (
				AD8A38B229F7C95B0026D6FC /* XCRemoteSwiftPackageReference "swift-atomics" */,
			);
			productRefGroup = AD8A389029F7C83E0026D6FC /* Products */;
			projectDirPath = "";
			projectRoot = "";
			targets = (
				AD8A388E29F7C83E0026D6FC /* newCapture */,
			);
		};
/* End PBXProject section */

/* Begin PBXResourcesBuildPhase section */
		AD8A388D29F7C83E0026D6FC /* Resources */ = {
			isa = PBXResourcesBuildPhase;
			buildActionMask = 2147483647;
			files = (
				AD4DB8D129FBBEB300267CCD /* pattern.avi in Resources */,
				AD4DB8CD29FA228F00267CCD /* out_9.99.avi in Resources */,
				AD4DB8CB29F943B600267CCD /* out.avi in Resources */,
				AD4DB8D929FFEFB200267CCD /* test.avi in Resources */,
				AD8A389F29F7C8400026D6FC /* LaunchScreen.storyboard in Resources */,
				AD8A389C29F7C8400026D6FC /* Assets.xcassets in Resources */,
				AD8A389A29F7C83E0026D6FC /* Main.storyboard in Resources */,
			);
			runOnlyForDeploymentPostprocessing = 0;
		};
/* End PBXResourcesBuildPhase section */

/* Begin PBXSourcesBuildPhase section */
		AD8A388B29F7C83E0026D6FC /* Sources */ = {
			isa = PBXSourcesBuildPhase;
			buildActionMask = 2147483647;
			files = (
				AD8A389729F7C83E0026D6FC /* ViewController.swift in Sources */,
				AD4DB8D529FF994B00267CCD /* Queue.swift in Sources */,
				AD4DB8D329FF98A600267CCD /* DiskWriter.swift in Sources */,
				AD8A389329F7C83E0026D6FC /* AppDelegate.swift in Sources */,
				AD8A389529F7C83E0026D6FC /* SceneDelegate.swift in Sources */,
				AD4DB8C829F926CC00267CCD /* PlayerView.swift in Sources */,
				AD8A38AC29F7C8A60026D6FC /* Utils.swift in Sources */,
			);
			runOnlyForDeploymentPostprocessing = 0;
		};
/* End PBXSourcesBuildPhase section */

/* Begin PBXVariantGroup section */
		AD8A389829F7C83E0026D6FC /* Main.storyboard */ = {
			isa = PBXVariantGroup;
			children = (
				AD8A389929F7C83E0026D6FC /* Base */,
			);
			name = Main.storyboard;
			sourceTree = "<group>";
		};
		AD8A389D29F7C8400026D6FC /* LaunchScreen.storyboard */ = {
			isa = PBXVariantGroup;
			children = (
				AD8A389E29F7C8400026D6FC /* Base */,
			);
			name = LaunchScreen.storyboard;
			sourceTree = "<group>";
		};
/* End PBXVariantGroup section */

/* Begin XCBuildConfiguration section */
		AD8A38A129F7C8400026D6FC /* Debug */ = {
			isa = XCBuildConfiguration;
			buildSettings = {
				ALWAYS_SEARCH_USER_PATHS = NO;
				CLANG_ANALYZER_NONNULL = YES;
				CLANG_ANALYZER_NUMBER_OBJECT_CONVERSION = YES_AGGRESSIVE;
				CLANG_CXX_LANGUAGE_STANDARD = "gnu++20";
				CLANG_ENABLE_MODULES = YES;
				CLANG_ENABLE_OBJC_ARC = YES;
				CLANG_ENABLE_OBJC_WEAK = YES;
				CLANG_WARN_BLOCK_CAPTURE_AUTORELEASING = YES;
				CLANG_WARN_BOOL_CONVERSION = YES;
				CLANG_WARN_COMMA = YES;
				CLANG_WARN_CONSTANT_CONVERSION = YES;
				CLANG_WARN_DEPRECATED_OBJC_IMPLEMENTATIONS = YES;
				CLANG_WARN_DIRECT_OBJC_ISA_USAGE = YES_ERROR;
				CLANG_WARN_DOCUMENTATION_COMMENTS = YES;
				CLANG_WARN_EMPTY_BODY = YES;
				CLANG_WARN_ENUM_CONVERSION = YES;
				CLANG_WARN_INFINITE_RECURSION = YES;
				CLANG_WARN_INT_CONVERSION = YES;
				CLANG_WARN_NON_LITERAL_NULL_CONVERSION = YES;
				CLANG_WARN_OBJC_IMPLICIT_RETAIN_SELF = YES;
				CLANG_WARN_OBJC_LITERAL_CONVERSION = YES;
				CLANG_WARN_OBJC_ROOT_CLASS = YES_ERROR;
				CLANG_WARN_QUOTED_INCLUDE_IN_FRAMEWORK_HEADER = YES;
				CLANG_WARN_RANGE_LOOP_ANALYSIS = YES;
				CLANG_WARN_STRICT_PROTOTYPES = YES;
				CLANG_WARN_SUSPICIOUS_MOVE = YES;
				CLANG_WARN_UNGUARDED_AVAILABILITY = YES_AGGRESSIVE;
				CLANG_WARN_UNREACHABLE_CODE = YES;
				CLANG_WARN__DUPLICATE_METHOD_MATCH = YES;
				COPY_PHASE_STRIP = NO;
				DEBUG_INFORMATION_FORMAT = dwarf;
				ENABLE_STRICT_OBJC_MSGSEND = YES;
				ENABLE_TESTABILITY = YES;
				GCC_C_LANGUAGE_STANDARD = gnu11;
				GCC_DYNAMIC_NO_PIC = NO;
				GCC_NO_COMMON_BLOCKS = YES;
				GCC_OPTIMIZATION_LEVEL = 0;
				GCC_PREPROCESSOR_DEFINITIONS = (
					"DEBUG=1",
					"$(inherited)",
				);
				GCC_WARN_64_TO_32_BIT_CONVERSION = YES;
				GCC_WARN_ABOUT_RETURN_TYPE = YES_ERROR;
				GCC_WARN_UNDECLARED_SELECTOR = YES;
				GCC_WARN_UNINITIALIZED_AUTOS = YES_AGGRESSIVE;
				GCC_WARN_UNUSED_FUNCTION = YES;
				GCC_WARN_UNUSED_VARIABLE = YES;
				IPHONEOS_DEPLOYMENT_TARGET = 16.2;
				MTL_ENABLE_DEBUG_INFO = INCLUDE_SOURCE;
				MTL_FAST_MATH = YES;
				ONLY_ACTIVE_ARCH = YES;
				SDKROOT = iphoneos;
				SWIFT_ACTIVE_COMPILATION_CONDITIONS = DEBUG;
				SWIFT_OPTIMIZATION_LEVEL = "-Onone";
			};
			name = Debug;
		};
		AD8A38A229F7C8400026D6FC /* Release */ = {
			isa = XCBuildConfiguration;
			buildSettings = {
				ALWAYS_SEARCH_USER_PATHS = NO;
				CLANG_ANALYZER_NONNULL = YES;
				CLANG_ANALYZER_NUMBER_OBJECT_CONVERSION = YES_AGGRESSIVE;
				CLANG_CXX_LANGUAGE_STANDARD = "gnu++20";
				CLANG_ENABLE_MODULES = YES;
				CLANG_ENABLE_OBJC_ARC = YES;
				CLANG_ENABLE_OBJC_WEAK = YES;
				CLANG_WARN_BLOCK_CAPTURE_AUTORELEASING = YES;
				CLANG_WARN_BOOL_CONVERSION = YES;
				CLANG_WARN_COMMA = YES;
				CLANG_WARN_CONSTANT_CONVERSION = YES;
				CLANG_WARN_DEPRECATED_OBJC_IMPLEMENTATIONS = YES;
				CLANG_WARN_DIRECT_OBJC_ISA_USAGE = YES_ERROR;
				CLANG_WARN_DOCUMENTATION_COMMENTS = YES;
				CLANG_WARN_EMPTY_BODY = YES;
				CLANG_WARN_ENUM_CONVERSION = YES;
				CLANG_WARN_INFINITE_RECURSION = YES;
				CLANG_WARN_INT_CONVERSION = YES;
				CLANG_WARN_NON_LITERAL_NULL_CONVERSION = YES;
				CLANG_WARN_OBJC_IMPLICIT_RETAIN_SELF = YES;
				CLANG_WARN_OBJC_LITERAL_CONVERSION = YES;
				CLANG_WARN_OBJC_ROOT_CLASS = YES_ERROR;
				CLANG_WARN_QUOTED_INCLUDE_IN_FRAMEWORK_HEADER = YES;
				CLANG_WARN_RANGE_LOOP_ANALYSIS = YES;
				CLANG_WARN_STRICT_PROTOTYPES = YES;
				CLANG_WARN_SUSPICIOUS_MOVE = YES;
				CLANG_WARN_UNGUARDED_AVAILABILITY = YES_AGGRESSIVE;
				CLANG_WARN_UNREACHABLE_CODE = YES;
				CLANG_WARN__DUPLICATE_METHOD_MATCH = YES;
				COPY_PHASE_STRIP = NO;
				DEBUG_INFORMATION_FORMAT = "dwarf-with-dsym";
				ENABLE_NS_ASSERTIONS = NO;
				ENABLE_STRICT_OBJC_MSGSEND = YES;
				GCC_C_LANGUAGE_STANDARD = gnu11;
				GCC_NO_COMMON_BLOCKS = YES;
				GCC_WARN_64_TO_32_BIT_CONVERSION = YES;
				GCC_WARN_ABOUT_RETURN_TYPE = YES_ERROR;
				GCC_WARN_UNDECLARED_SELECTOR = YES;
				GCC_WARN_UNINITIALIZED_AUTOS = YES_AGGRESSIVE;
				GCC_WARN_UNUSED_FUNCTION = YES;
				GCC_WARN_UNUSED_VARIABLE = YES;
				IPHONEOS_DEPLOYMENT_TARGET = 16.2;
				MTL_ENABLE_DEBUG_INFO = NO;
				MTL_FAST_MATH = YES;
				SDKROOT = iphoneos;
				SWIFT_COMPILATION_MODE = wholemodule;
				SWIFT_OPTIMIZATION_LEVEL = "-O";
				VALIDATE_PRODUCT = YES;
			};
			name = Release;
		};
		AD8A38A429F7C8400026D6FC /* Debug */ = {
			isa = XCBuildConfiguration;
			buildSettings = {
				ASSETCATALOG_COMPILER_APPICON_NAME = AppIcon;
				ASSETCATALOG_COMPILER_GLOBAL_ACCENT_COLOR_NAME = AccentColor;
				CODE_SIGN_STYLE = Automatic;
				CURRENT_PROJECT_VERSION = 1;
				DEVELOPMENT_TEAM = 2GL284PF98;
				GENERATE_INFOPLIST_FILE = YES;
				INFOPLIST_FILE = newCapture/Info.plist;
				INFOPLIST_KEY_NSCameraUsageDescription = "use to capture ";
				INFOPLIST_KEY_UIApplicationSupportsIndirectInputEvents = YES;
				INFOPLIST_KEY_UILaunchStoryboardName = LaunchScreen;
				INFOPLIST_KEY_UIMainStoryboardFile = Main;
				INFOPLIST_KEY_UIRequiresFullScreen = YES;
				INFOPLIST_KEY_UIStatusBarHidden = YES;
				INFOPLIST_KEY_UISupportedInterfaceOrientations_iPad = "UIInterfaceOrientationPortrait UIInterfaceOrientationPortraitUpsideDown UIInterfaceOrientationLandscapeLeft UIInterfaceOrientationLandscapeRight";
				INFOPLIST_KEY_UISupportedInterfaceOrientations_iPhone = "UIInterfaceOrientationPortrait UIInterfaceOrientationLandscapeLeft UIInterfaceOrientationLandscapeRight";
				INFOPLIST_KEY_UISupportsDocumentBrowser = YES;
				IPHONEOS_DEPLOYMENT_TARGET = 16.1;
				LD_RUNPATH_SEARCH_PATHS = (
					"$(inherited)",
					"@executable_path/Frameworks",
				);
				MARKETING_VERSION = 1.0;
				PRODUCT_BUNDLE_IDENTIFIER = abafadfgadafed.newCapture;
				PRODUCT_NAME = "$(TARGET_NAME)";
				SWIFT_EMIT_LOC_STRINGS = YES;
				SWIFT_VERSION = 5.0;
				TARGETED_DEVICE_FAMILY = "1,2";
			};
			name = Debug;
		};
		AD8A38A529F7C8400026D6FC /* Release */ = {
			isa = XCBuildConfiguration;
			buildSettings = {
				ASSETCATALOG_COMPILER_APPICON_NAME = AppIcon;
				ASSETCATALOG_COMPILER_GLOBAL_ACCENT_COLOR_NAME = AccentColor;
				CODE_SIGN_STYLE = Automatic;
				CURRENT_PROJECT_VERSION = 1;
				DEVELOPMENT_TEAM = 2GL284PF98;
				GENERATE_INFOPLIST_FILE = YES;
				INFOPLIST_FILE = newCapture/Info.plist;
				INFOPLIST_KEY_NSCameraUsageDescription = "use to capture ";
				INFOPLIST_KEY_UIApplicationSupportsIndirectInputEvents = YES;
				INFOPLIST_KEY_UILaunchStoryboardName = LaunchScreen;
				INFOPLIST_KEY_UIMainStoryboardFile = Main;
				INFOPLIST_KEY_UIRequiresFullScreen = YES;
				INFOPLIST_KEY_UIStatusBarHidden = YES;
				INFOPLIST_KEY_UISupportedInterfaceOrientations_iPad = "UIInterfaceOrientationPortrait UIInterfaceOrientationPortraitUpsideDown UIInterfaceOrientationLandscapeLeft UIInterfaceOrientationLandscapeRight";
				INFOPLIST_KEY_UISupportedInterfaceOrientations_iPhone = "UIInterfaceOrientationPortrait UIInterfaceOrientationLandscapeLeft UIInterfaceOrientationLandscapeRight";
				INFOPLIST_KEY_UISupportsDocumentBrowser = YES;
				IPHONEOS_DEPLOYMENT_TARGET = 16.1;
				LD_RUNPATH_SEARCH_PATHS = (
					"$(inherited)",
					"@executable_path/Frameworks",
				);
				MARKETING_VERSION = 1.0;
				PRODUCT_BUNDLE_IDENTIFIER = abafadfgadafed.newCapture;
				PRODUCT_NAME = "$(TARGET_NAME)";
				SWIFT_EMIT_LOC_STRINGS = YES;
				SWIFT_VERSION = 5.0;
				TARGETED_DEVICE_FAMILY = "1,2";
			};
			name = Release;
		};
/* End XCBuildConfiguration section */

/* Begin XCConfigurationList section */
		AD8A388A29F7C83E0026D6FC /* Build configuration list for PBXProject "newCapture" */ = {
			isa = XCConfigurationList;
			buildConfigurations = (
				AD8A38A129F7C8400026D6FC /* Debug */,
				AD8A38A229F7C8400026D6FC /* Release */,
			);
			defaultConfigurationIsVisible = 0;
			defaultConfigurationName = Release;
		};
		AD8A38A329F7C8400026D6FC /* Build configuration list for PBXNativeTarget "newCapture" */ = {
			isa = XCConfigurationList;
			buildConfigurations = (
				AD8A38A429F7C8400026D6FC /* Debug */,
				AD8A38A529F7C8400026D6FC /* Release */,
			);
			defaultConfigurationIsVisible = 0;
			defaultConfigurationName = Release;
		};
/* End XCConfigurationList section */

/* Begin XCRemoteSwiftPackageReference section */
		AD8A38B229F7C95B0026D6FC /* XCRemoteSwiftPackageReference "swift-atomics" */ = {
			isa = XCRemoteSwiftPackageReference;
			repositoryURL = "https://github.com/apple/swift-atomics.git";
			requirement = {
				kind = upToNextMajorVersion;
				minimumVersion = 1.0.0;
			};
		};
/* End XCRemoteSwiftPackageReference section */

/* Begin XCSwiftPackageProductDependency section */
		AD8A38B329F7C95B0026D6FC /* Atomics */ = {
			isa = XCSwiftPackageProductDependency;
			package = AD8A38B229F7C95B0026D6FC /* XCRemoteSwiftPackageReference "swift-atomics" */;
			productName = Atomics;
		};
/* End XCSwiftPackageProductDependency section */
	};
	rootObject = AD8A388729F7C83E0026D6FC /* Project object */;
}
